// !$*UTF8*$!
{
	archiveVersion = 1;
	classes = {
	};
	objectVersion = 51;
	objects = {

/* Begin PBXBuildFile section */
		1EA148B3750A4B33D5EBF117 /* Pods_daily_planner_app.framework in Frameworks */ = {isa = PBXBuildFile; fileRef = 24DC3E2A08A808B0E33F86DE /* Pods_daily_planner_app.framework */; };
		B80FAB6824C52811000AA8A2 /* TodayViewController.swift in Sources */ = {isa = PBXBuildFile; fileRef = B80FAB6724C52811000AA8A2 /* TodayViewController.swift */; };
		B80FAB6A24C52829000AA8A2 /* TomorrowViewController.swift in Sources */ = {isa = PBXBuildFile; fileRef = B80FAB6924C52829000AA8A2 /* TomorrowViewController.swift */; };
		B80FAB6C24C53CFF000AA8A2 /* EntryViewController.swift in Sources */ = {isa = PBXBuildFile; fileRef = B80FAB6B24C53CFF000AA8A2 /* EntryViewController.swift */; };
		B80FAB6E24C55FB0000AA8A2 /* ViewEventViewController.swift in Sources */ = {isa = PBXBuildFile; fileRef = B80FAB6D24C55FB0000AA8A2 /* ViewEventViewController.swift */; };
		B8958C6D24C3D157009367BE /* AppDelegate.swift in Sources */ = {isa = PBXBuildFile; fileRef = B8958C6C24C3D157009367BE /* AppDelegate.swift */; };
		B8958C6F24C3D157009367BE /* SceneDelegate.swift in Sources */ = {isa = PBXBuildFile; fileRef = B8958C6E24C3D157009367BE /* SceneDelegate.swift */; };
		B8958C7124C3D157009367BE /* ViewController.swift in Sources */ = {isa = PBXBuildFile; fileRef = B8958C7024C3D157009367BE /* ViewController.swift */; };
		B8958C7424C3D157009367BE /* Main.storyboard in Resources */ = {isa = PBXBuildFile; fileRef = B8958C7224C3D157009367BE /* Main.storyboard */; };
		B8958C7624C3D158009367BE /* Assets.xcassets in Resources */ = {isa = PBXBuildFile; fileRef = B8958C7524C3D158009367BE /* Assets.xcassets */; };
		B8958C7924C3D158009367BE /* LaunchScreen.storyboard in Resources */ = {isa = PBXBuildFile; fileRef = B8958C7724C3D158009367BE /* LaunchScreen.storyboard */; };
		B8958C8124C3D177009367BE /* SignUpViewController.swift in Sources */ = {isa = PBXBuildFile; fileRef = B8958C8024C3D177009367BE /* SignUpViewController.swift */; };
		B8958C8324C3D189009367BE /* HomeViewController.swift in Sources */ = {isa = PBXBuildFile; fileRef = B8958C8224C3D189009367BE /* HomeViewController.swift */; };
		B8958C8524C3D19F009367BE /* CalendarViewController.swift in Sources */ = {isa = PBXBuildFile; fileRef = B8958C8424C3D19F009367BE /* CalendarViewController.swift */; };
/* End PBXBuildFile section */

/* Begin PBXFileReference section */
		1AB1F5264C97FFDB6E458CBE /* Pods-daily_planner_app.debug.xcconfig */ = {isa = PBXFileReference; includeInIndex = 1; lastKnownFileType = text.xcconfig; name = "Pods-daily_planner_app.debug.xcconfig"; path = "Target Support Files/Pods-daily_planner_app/Pods-daily_planner_app.debug.xcconfig"; sourceTree = "<group>"; };
		24DC3E2A08A808B0E33F86DE /* Pods_daily_planner_app.framework */ = {isa = PBXFileReference; explicitFileType = wrapper.framework; includeInIndex = 0; path = Pods_daily_planner_app.framework; sourceTree = BUILT_PRODUCTS_DIR; };
		A50C28FE0178886831064700 /* Pods-daily_planner_app.release.xcconfig */ = {isa = PBXFileReference; includeInIndex = 1; lastKnownFileType = text.xcconfig; name = "Pods-daily_planner_app.release.xcconfig"; path = "Target Support Files/Pods-daily_planner_app/Pods-daily_planner_app.release.xcconfig"; sourceTree = "<group>"; };
		B80FAB6724C52811000AA8A2 /* TodayViewController.swift */ = {isa = PBXFileReference; lastKnownFileType = sourcecode.swift; path = TodayViewController.swift; sourceTree = "<group>"; };
		B80FAB6924C52829000AA8A2 /* TomorrowViewController.swift */ = {isa = PBXFileReference; lastKnownFileType = sourcecode.swift; path = TomorrowViewController.swift; sourceTree = "<group>"; };
		B80FAB6B24C53CFF000AA8A2 /* EntryViewController.swift */ = {isa = PBXFileReference; lastKnownFileType = sourcecode.swift; path = EntryViewController.swift; sourceTree = "<group>"; };
		B80FAB6D24C55FB0000AA8A2 /* ViewEventViewController.swift */ = {isa = PBXFileReference; lastKnownFileType = sourcecode.swift; path = ViewEventViewController.swift; sourceTree = "<group>"; };
		B8958C6924C3D157009367BE /* daily_planner_app.app */ = {isa = PBXFileReference; explicitFileType = wrapper.application; includeInIndex = 0; path = daily_planner_app.app; sourceTree = BUILT_PRODUCTS_DIR; };
		B8958C6C24C3D157009367BE /* AppDelegate.swift */ = {isa = PBXFileReference; lastKnownFileType = sourcecode.swift; path = AppDelegate.swift; sourceTree = "<group>"; };
		B8958C6E24C3D157009367BE /* SceneDelegate.swift */ = {isa = PBXFileReference; lastKnownFileType = sourcecode.swift; path = SceneDelegate.swift; sourceTree = "<group>"; };
		B8958C7024C3D157009367BE /* ViewController.swift */ = {isa = PBXFileReference; lastKnownFileType = sourcecode.swift; path = ViewController.swift; sourceTree = "<group>"; };
		B8958C7324C3D157009367BE /* Base */ = {isa = PBXFileReference; lastKnownFileType = file.storyboard; name = Base; path = Base.lproj/Main.storyboard; sourceTree = "<group>"; };
		B8958C7524C3D158009367BE /* Assets.xcassets */ = {isa = PBXFileReference; lastKnownFileType = folder.assetcatalog; path = Assets.xcassets; sourceTree = "<group>"; };
		B8958C7824C3D158009367BE /* Base */ = {isa = PBXFileReference; lastKnownFileType = file.storyboard; name = Base; path = Base.lproj/LaunchScreen.storyboard; sourceTree = "<group>"; };
		B8958C7A24C3D158009367BE /* Info.plist */ = {isa = PBXFileReference; lastKnownFileType = text.plist.xml; path = Info.plist; sourceTree = "<group>"; };
		B8958C8024C3D177009367BE /* SignUpViewController.swift */ = {isa = PBXFileReference; lastKnownFileType = sourcecode.swift; path = SignUpViewController.swift; sourceTree = "<group>"; };
		B8958C8224C3D189009367BE /* HomeViewController.swift */ = {isa = PBXFileReference; lastKnownFileType = sourcecode.swift; path = HomeViewController.swift; sourceTree = "<group>"; };
		B8958C8424C3D19F009367BE /* CalendarViewController.swift */ = {isa = PBXFileReference; lastKnownFileType = sourcecode.swift; path = CalendarViewController.swift; sourceTree = "<group>"; };
/* End PBXFileReference section */

/* Begin PBXFrameworksBuildPhase section */
		B8958C6624C3D157009367BE /* Frameworks */ = {
			isa = PBXFrameworksBuildPhase;
			buildActionMask = 2147483647;
			files = (
				1EA148B3750A4B33D5EBF117 /* Pods_daily_planner_app.framework in Frameworks */,
			);
			runOnlyForDeploymentPostprocessing = 0;
		};
/* End PBXFrameworksBuildPhase section */

/* Begin PBXGroup section */
		24F56934A14F24B1A5DABA94 /* Frameworks */ = {
			isa = PBXGroup;
			children = (
				24DC3E2A08A808B0E33F86DE /* Pods_daily_planner_app.framework */,
			);
			name = Frameworks;
			sourceTree = "<group>";
		};
		9F94CC347003C8F32525F402 /* Pods */ = {
			isa = PBXGroup;
			children = (
				1AB1F5264C97FFDB6E458CBE /* Pods-daily_planner_app.debug.xcconfig */,
				A50C28FE0178886831064700 /* Pods-daily_planner_app.release.xcconfig */,
			);
			path = Pods;
			sourceTree = "<group>";
		};
		B8958C6024C3D157009367BE = {
			isa = PBXGroup;
			children = (
				B8958C6B24C3D157009367BE /* daily_planner_app */,
				B8958C6A24C3D157009367BE /* Products */,
				9F94CC347003C8F32525F402 /* Pods */,
				24F56934A14F24B1A5DABA94 /* Frameworks */,
			);
			sourceTree = "<group>";
		};
		B8958C6A24C3D157009367BE /* Products */ = {
			isa = PBXGroup;
			children = (
				B8958C6924C3D157009367BE /* daily_planner_app.app */,
			);
			name = Products;
			sourceTree = "<group>";
		};
		B8958C6B24C3D157009367BE /* daily_planner_app */ = {
			isa = PBXGroup;
			children = (
				B8958C6C24C3D157009367BE /* AppDelegate.swift */,
				B8958C6E24C3D157009367BE /* SceneDelegate.swift */,
				B8958C7024C3D157009367BE /* ViewController.swift */,
				B8958C8024C3D177009367BE /* SignUpViewController.swift */,
				B8958C8224C3D189009367BE /* HomeViewController.swift */,
				B8958C8424C3D19F009367BE /* CalendarViewController.swift */,
				B80FAB6724C52811000AA8A2 /* TodayViewController.swift */,
				B80FAB6924C52829000AA8A2 /* TomorrowViewController.swift */,
				B80FAB6B24C53CFF000AA8A2 /* EntryViewController.swift */,
				B80FAB6D24C55FB0000AA8A2 /* ViewEventViewController.swift */,
				B8958C7224C3D157009367BE /* Main.storyboard */,
				B8958C7524C3D158009367BE /* Assets.xcassets */,
				B8958C7724C3D158009367BE /* LaunchScreen.storyboard */,
				B8958C7A24C3D158009367BE /* Info.plist */,
			);
			path = daily_planner_app;
			sourceTree = "<group>";
		};
/* End PBXGroup section */

/* Begin PBXNativeTarget section */
		B8958C6824C3D157009367BE /* daily_planner_app */ = {
			isa = PBXNativeTarget;
			buildConfigurationList = B8958C7D24C3D158009367BE /* Build configuration list for PBXNativeTarget "daily_planner_app" */;
			buildPhases = (
				4A337845EEEE4414CBBE1CA7 /* [CP] Check Pods Manifest.lock */,
				B8958C6524C3D157009367BE /* Sources */,
				B8958C6624C3D157009367BE /* Frameworks */,
				B8958C6724C3D157009367BE /* Resources */,
				C29BCD4BFBA49E8CACB2DFC0 /* [CP] Embed Pods Frameworks */,
			);
			buildRules = (
			);
			dependencies = (
			);
			name = daily_planner_app;
			productName = daily_planner_app;
			productReference = B8958C6924C3D157009367BE /* daily_planner_app.app */;
			productType = "com.apple.product-type.application";
		};
/* End PBXNativeTarget section */

/* Begin PBXProject section */
		B8958C6124C3D157009367BE /* Project object */ = {
			isa = PBXProject;
			attributes = {
				LastSwiftUpdateCheck = 1150;
				LastUpgradeCheck = 1150;
				ORGANIZATIONNAME = "Alexis Wu";
				TargetAttributes = {
					B8958C6824C3D157009367BE = {
						CreatedOnToolsVersion = 11.5;
					};
				};
			};
			buildConfigurationList = B8958C6424C3D157009367BE /* Build configuration list for PBXProject "daily_planner_app" */;
			compatibilityVersion = "Xcode 9.3";
			developmentRegion = en;
			hasScannedForEncodings = 0;
			knownRegions = (
				en,
				Base,
			);
			mainGroup = B8958C6024C3D157009367BE;
			productRefGroup = B8958C6A24C3D157009367BE /* Products */;
			projectDirPath = "";
			projectRoot = "";
			targets = (
				B8958C6824C3D157009367BE /* daily_planner_app */,
			);
		};
/* End PBXProject section */

/* Begin PBXResourcesBuildPhase section */
		B8958C6724C3D157009367BE /* Resources */ = {
			isa = PBXResourcesBuildPhase;
			buildActionMask = 2147483647;
			files = (
				B8958C7924C3D158009367BE /* LaunchScreen.storyboard in Resources */,
				B8958C7624C3D158009367BE /* Assets.xcassets in Resources */,
				B8958C7424C3D157009367BE /* Main.storyboard in Resources */,
			);
			runOnlyForDeploymentPostprocessing = 0;
		};
/* End PBXResourcesBuildPhase section */

/* Begin PBXShellScriptBuildPhase section */
		4A337845EEEE4414CBBE1CA7 /* [CP] Check Pods Manifest.lock */ = {
			isa = PBXShellScriptBuildPhase;
			buildActionMask = 2147483647;
			files = (
			);
			inputFileListPaths = (
			);
			inputPaths = (
				"${PODS_PODFILE_DIR_PATH}/Podfile.lock",
				"${PODS_ROOT}/Manifest.lock",
			);
			name = "[CP] Check Pods Manifest.lock";
			outputFileListPaths = (
			);
			outputPaths = (
				"$(DERIVED_FILE_DIR)/Pods-daily_planner_app-checkManifestLockResult.txt",
			);
			runOnlyForDeploymentPostprocessing = 0;
			shellPath = /bin/sh;
			shellScript = "diff \"${PODS_PODFILE_DIR_PATH}/Podfile.lock\" \"${PODS_ROOT}/Manifest.lock\" > /dev/null\nif [ $? != 0 ] ; then\n    # print error to STDERR\n    echo \"error: The sandbox is not in sync with the Podfile.lock. Run 'pod install' or update your CocoaPods installation.\" >&2\n    exit 1\nfi\n# This output is used by Xcode 'outputs' to avoid re-running this script phase.\necho \"SUCCESS\" > \"${SCRIPT_OUTPUT_FILE_0}\"\n";
			showEnvVarsInLog = 0;
		};
		C29BCD4BFBA49E8CACB2DFC0 /* [CP] Embed Pods Frameworks */ = {
			isa = PBXShellScriptBuildPhase;
			buildActionMask = 2147483647;
			files = (
			);
			inputFileListPaths = (
				"${PODS_ROOT}/Target Support Files/Pods-daily_planner_app/Pods-daily_planner_app-frameworks-${CONFIGURATION}-input-files.xcfilelist",
			);
			name = "[CP] Embed Pods Frameworks";
			outputFileListPaths = (
				"${PODS_ROOT}/Target Support Files/Pods-daily_planner_app/Pods-daily_planner_app-frameworks-${CONFIGURATION}-output-files.xcfilelist",
			);
			runOnlyForDeploymentPostprocessing = 0;
			shellPath = /bin/sh;
			shellScript = "\"${PODS_ROOT}/Target Support Files/Pods-daily_planner_app/Pods-daily_planner_app-frameworks.sh\"\n";
			showEnvVarsInLog = 0;
		};
/* End PBXShellScriptBuildPhase section */

/* Begin PBXSourcesBuildPhase section */
		B8958C6524C3D157009367BE /* Sources */ = {
			isa = PBXSourcesBuildPhase;
			buildActionMask = 2147483647;
			files = (
				B8958C8524C3D19F009367BE /* CalendarViewController.swift in Sources */,
				B80FAB6824C52811000AA8A2 /* TodayViewController.swift in Sources */,
				B8958C8324C3D189009367BE /* HomeViewController.swift in Sources */,
				B8958C7124C3D157009367BE /* ViewController.swift in Sources */,
				B80FAB6E24C55FB0000AA8A2 /* ViewEventViewController.swift in Sources */,
				B8958C6D24C3D157009367BE /* AppDelegate.swift in Sources */,
				B80FAB6C24C53CFF000AA8A2 /* EntryViewController.swift in Sources */,
				B8958C8124C3D177009367BE /* SignUpViewController.swift in Sources */,
				B8958C6F24C3D157009367BE /* SceneDelegate.swift in Sources */,
				B80FAB6A24C52829000AA8A2 /* TomorrowViewController.swift in Sources */,
			);
			runOnlyForDeploymentPostprocessing = 0;
		};
/* End PBXSourcesBuildPhase section */

/* Begin PBXVariantGroup section */
		B8958C7224C3D157009367BE /* Main.storyboard */ = {
			isa = PBXVariantGroup;
			children = (
				B8958C7324C3D157009367BE /* Base */,
			);
			name = Main.storyboard;
			sourceTree = "<group>";
		};
		B8958C7724C3D158009367BE /* LaunchScreen.storyboard */ = {
			isa = PBXVariantGroup;
			children = (
				B8958C7824C3D158009367BE /* Base */,
			);
			name = LaunchScreen.storyboard;
			sourceTree = "<group>";
		};
/* End PBXVariantGroup section */

/* Begin XCBuildConfiguration section */
		B8958C7B24C3D158009367BE /* Debug */ = {
			isa = XCBuildConfiguration;
			buildSettings = {
				ALWAYS_SEARCH_USER_PATHS = NO;
				CLANG_ANALYZER_NONNULL = YES;
				CLANG_ANALYZER_NUMBER_OBJECT_CONVERSION = YES_AGGRESSIVE;
				CLANG_CXX_LANGUAGE_STANDARD = "gnu++14";
				CLANG_CXX_LIBRARY = "libc++";
				CLANG_ENABLE_MODULES = YES;
				CLANG_ENABLE_OBJC_ARC = YES;
				CLANG_ENABLE_OBJC_WEAK = YES;
				CLANG_WARN_BLOCK_CAPTURE_AUTORELEASING = YES;
				CLANG_WARN_BOOL_CONVERSION = YES;
				CLANG_WARN_COMMA = YES;
				CLANG_WARN_CONSTANT_CONVERSION = YES;
				CLANG_WARN_DEPRECATED_OBJC_IMPLEMENTATIONS = YES;
				CLANG_WARN_DIRECT_OBJC_ISA_USAGE = YES_ERROR;
				CLANG_WARN_DOCUMENTATION_COMMENTS = YES;
				CLANG_WARN_EMPTY_BODY = YES;
				CLANG_WARN_ENUM_CONVERSION = YES;
				CLANG_WARN_INFINITE_RECURSION = YES;
				CLANG_WARN_INT_CONVERSION = YES;
				CLANG_WARN_NON_LITERAL_NULL_CONVERSION = YES;
				CLANG_WARN_OBJC_IMPLICIT_RETAIN_SELF = YES;
				CLANG_WARN_OBJC_LITERAL_CONVERSION = YES;
				CLANG_WARN_OBJC_ROOT_CLASS = YES_ERROR;
				CLANG_WARN_RANGE_LOOP_ANALYSIS = YES;
				CLANG_WARN_STRICT_PROTOTYPES = YES;
				CLANG_WARN_SUSPICIOUS_MOVE = YES;
				CLANG_WARN_UNGUARDED_AVAILABILITY = YES_AGGRESSIVE;
				CLANG_WARN_UNREACHABLE_CODE = YES;
				CLANG_WARN__DUPLICATE_METHOD_MATCH = YES;
				COPY_PHASE_STRIP = NO;
				DEBUG_INFORMATION_FORMAT = dwarf;
				ENABLE_STRICT_OBJC_MSGSEND = YES;
				ENABLE_TESTABILITY = YES;
				GCC_C_LANGUAGE_STANDARD = gnu11;
				GCC_DYNAMIC_NO_PIC = NO;
				GCC_NO_COMMON_BLOCKS = YES;
				GCC_OPTIMIZATION_LEVEL = 0;
				GCC_PREPROCESSOR_DEFINITIONS = (
					"DEBUG=1",
					"$(inherited)",
				);
				GCC_WARN_64_TO_32_BIT_CONVERSION = YES;
				GCC_WARN_ABOUT_RETURN_TYPE = YES_ERROR;
				GCC_WARN_UNDECLARED_SELECTOR = YES;
				GCC_WARN_UNINITIALIZED_AUTOS = YES_AGGRESSIVE;
				GCC_WARN_UNUSED_FUNCTION = YES;
				GCC_WARN_UNUSED_VARIABLE = YES;
				IPHONEOS_DEPLOYMENT_TARGET = 13.5;
				MTL_ENABLE_DEBUG_INFO = INCLUDE_SOURCE;
				MTL_FAST_MATH = YES;
				ONLY_ACTIVE_ARCH = YES;
				SDKROOT = iphoneos;
				SWIFT_ACTIVE_COMPILATION_CONDITIONS = DEBUG;
				SWIFT_OPTIMIZATION_LEVEL = "-Onone";
			};
			name = Debug;
		};
		B8958C7C24C3D158009367BE /* Release */ = {
			isa = XCBuildConfiguration;
			buildSettings = {
				ALWAYS_SEARCH_USER_PATHS = NO;
				CLANG_ANALYZER_NONNULL = YES;
				CLANG_ANALYZER_NUMBER_OBJECT_CONVERSION = YES_AGGRESSIVE;
				CLANG_CXX_LANGUAGE_STANDARD = "gnu++14";
				CLANG_CXX_LIBRARY = "libc++";
				CLANG_ENABLE_MODULES = YES;
				CLANG_ENABLE_OBJC_ARC = YES;
				CLANG_ENABLE_OBJC_WEAK = YES;
				CLANG_WARN_BLOCK_CAPTURE_AUTORELEASING = YES;
				CLANG_WARN_BOOL_CONVERSION = YES;
				CLANG_WARN_COMMA = YES;
				CLANG_WARN_CONSTANT_CONVERSION = YES;
				CLANG_WARN_DEPRECATED_OBJC_IMPLEMENTATIONS = YES;
				CLANG_WARN_DIRECT_OBJC_ISA_USAGE = YES_ERROR;
				CLANG_WARN_DOCUMENTATION_COMMENTS = YES;
				CLANG_WARN_EMPTY_BODY = YES;
				CLANG_WARN_ENUM_CONVERSION = YES;
				CLANG_WARN_INFINITE_RECURSION = YES;
				CLANG_WARN_INT_CONVERSION = YES;
				CLANG_WARN_NON_LITERAL_NULL_CONVERSION = YES;
				CLANG_WARN_OBJC_IMPLICIT_RETAIN_SELF = YES;
				CLANG_WARN_OBJC_LITERAL_CONVERSION = YES;
				CLANG_WARN_OBJC_ROOT_CLASS = YES_ERROR;
				CLANG_WARN_RANGE_LOOP_ANALYSIS = YES;
				CLANG_WARN_STRICT_PROTOTYPES = YES;
				CLANG_WARN_SUSPICIOUS_MOVE = YES;
				CLANG_WARN_UNGUARDED_AVAILABILITY = YES_AGGRESSIVE;
				CLANG_WARN_UNREACHABLE_CODE = YES;
				CLANG_WARN__DUPLICATE_METHOD_MATCH = YES;
				COPY_PHASE_STRIP = NO;
				DEBUG_INFORMATION_FORMAT = "dwarf-with-dsym";
				ENABLE_NS_ASSERTIONS = NO;
				ENABLE_STRICT_OBJC_MSGSEND = YES;
				GCC_C_LANGUAGE_STANDARD = gnu11;
				GCC_NO_COMMON_BLOCKS = YES;
				GCC_WARN_64_TO_32_BIT_CONVERSION = YES;
				GCC_WARN_ABOUT_RETURN_TYPE = YES_ERROR;
				GCC_WARN_UNDECLARED_SELECTOR = YES;
				GCC_WARN_UNINITIALIZED_AUTOS = YES_AGGRESSIVE;
				GCC_WARN_UNUSED_FUNCTION = YES;
				GCC_WARN_UNUSED_VARIABLE = YES;
				IPHONEOS_DEPLOYMENT_TARGET = 13.5;
				MTL_ENABLE_DEBUG_INFO = NO;
				MTL_FAST_MATH = YES;
				SDKROOT = iphoneos;
				SWIFT_COMPILATION_MODE = wholemodule;
				SWIFT_OPTIMIZATION_LEVEL = "-O";
				VALIDATE_PRODUCT = YES;
			};
			name = Release;
		};
		B8958C7E24C3D158009367BE /* Debug */ = {
			isa = XCBuildConfiguration;
			baseConfigurationReference = 1AB1F5264C97FFDB6E458CBE /* Pods-daily_planner_app.debug.xcconfig */;
			buildSettings = {
				ASSETCATALOG_COMPILER_APPICON_NAME = AppIcon;
				CODE_SIGN_STYLE = Automatic;
				INFOPLIST_FILE = daily_planner_app/Info.plist;
				LD_RUNPATH_SEARCH_PATHS = (
					"$(inherited)",
					"@executable_path/Frameworks",
				);
				PRODUCT_BUNDLE_IDENTIFIER = "com.codewithalexis.daily-planner-app";
				PRODUCT_NAME = "$(TARGET_NAME)";
				SWIFT_VERSION = 5.0;
				TARGETED_DEVICE_FAMILY = "1,2";
			};
			name = Debug;
		};
		B8958C7F24C3D158009367BE /* Release */ = {
			isa = XCBuildConfiguration;
			baseConfigurationReference = A50C28FE0178886831064700 /* Pods-daily_planner_app.release.xcconfig */;
			buildSettings = {
				ASSETCATALOG_COMPILER_APPICON_NAME = AppIcon;
				CODE_SIGN_STYLE = Automatic;
				INFOPLIST_FILE = daily_planner_app/Info.plist;
				LD_RUNPATH_SEARCH_PATHS = (
					"$(inherited)",
					"@executable_path/Frameworks",
				);
				PRODUCT_BUNDLE_IDENTIFIER = "com.codewithalexis.daily-planner-app";
				PRODUCT_NAME = "$(TARGET_NAME)";
				SWIFT_VERSION = 5.0;
				TARGETED_DEVICE_FAMILY = "1,2";
			};
			name = Release;
		};
/* End XCBuildConfiguration section */

/* Begin XCConfigurationList section */
		B8958C6424C3D157009367BE /* Build configuration list for PBXProject "daily_planner_app" */ = {
			isa = XCConfigurationList;
			buildConfigurations = (
				B8958C7B24C3D158009367BE /* Debug */,
				B8958C7C24C3D158009367BE /* Release */,
			);
			defaultConfigurationIsVisible = 0;
			defaultConfigurationName = Release;
		};
		B8958C7D24C3D158009367BE /* Build configuration list for PBXNativeTarget "daily_planner_app" */ = {
			isa = XCConfigurationList;
			buildConfigurations = (
				B8958C7E24C3D158009367BE /* Debug */,
				B8958C7F24C3D158009367BE /* Release */,
			);
			defaultConfigurationIsVisible = 0;
			defaultConfigurationName = Release;
		};
/* End XCConfigurationList section */
	};
	rootObject = B8958C6124C3D157009367BE /* Project object */;
}
